
Microsoft Visual Studio Solution File, Format Version 12.00
# Visual Studio 15
VisualStudioVersion = 15.0.27130.2026
MinimumVisualStudioVersion = 10.0.40219.1
Project("{8BC9CEB8-8B4A-11D0-8D11-00A0C91BC942}") = "MessageBoxDLL", "CE_OS_Hooking01\CE_OS_Hooking01.vcxproj", "{EBD3D919-58DE-4B9E-92A7-002D91DA9B61}"
EndProject
Project("{8BC9CEB8-8B4A-11D0-8D11-00A0C91BC942}") = "Injector", "Injector\Injector.vcxproj", "{855E8A17-CB7A-48F6-83BC-53BFCE5775E8}"
EndProject
Global
	GlobalSection(SolutionConfigurationPlatforms) = preSolution
		Debug|x64 = Debug|x64
		Debug|x86 = Debug|x86
		Release|x64 = Release|x64
		Release|x86 = Release|x86
	EndGlobalSection
	GlobalSection(ProjectConfigurationPlatforms) = postSolution
		{EBD3D919-58DE-4B9E-92A7-002D91DA9B61}.Debug|x64.ActiveCfg = Debug|x64
		{EBD3D919-58DE-4B9E-92A7-002D91DA9B61}.Debug|x64.Build.0 = Debug|x64
		{EBD3D919-58DE-4B9E-92A7-002D91DA9B61}.Debug|x86.ActiveCfg = Debug|Win32
		{EBD3D919-58DE-4B9E-92A7-002D91DA9B61}.Debug|x86.Build.0 = Debug|Win32
		{EBD3D919-58DE-4B9E-92A7-002D91DA9B61}.Release|x64.ActiveCfg = Release|x64
		{EBD3D919-58DE-4B9E-92A7-002D91DA9B61}.Release|x64.Build.0 = Release|x64
		{EBD3D919-58DE-4B9E-92A7-002D91DA9B61}.Release|x86.ActiveCfg = Release|Win32
		{EBD3D919-58DE-4B9E-92A7-002D91DA9B61}.Release|x86.Build.0 = Release|Win32
		{855E8A17-CB7A-48F6-83BC-53BFCE5775E8}.Debug|x64.ActiveCfg = Debug|x64
		{855E8A17-CB7A-48F6-83BC-53BFCE5775E8}.Debug|x64.Build.0 = Debug|x64
		{855E8A17-CB7A-48F6-83BC-53BFCE5775E8}.Debug|x86.ActiveCfg = Debug|Win32
		{855E8A17-CB7A-48F6-83BC-53BFCE5775E8}.Debug|x86.Build.0 = Debug|Win32
		{855E8A17-CB7A-48F6-83BC-53BFCE5775E8}.Release|x64.ActiveCfg = Release|x64
		{855E8A17-CB7A-48F6-83BC-53BFCE5775E8}.Release|x64.Build.0 = Release|x64
		{855E8A17-CB7A-48F6-83BC-53BFCE5775E8}.Release|x86.ActiveCfg = Release|Win32
		{855E8A17-CB7A-48F6-83BC-53BFCE5775E8}.Release|x86.Build.0 = Release|Win32
	EndGlobalSection
	GlobalSection(SolutionProperties) = preSolution
		HideSolutionNode = FALSE
	EndGlobalSection
	GlobalSection(ExtensibilityGlobals) = postSolution
		SolutionGuid = {D45185C4-C6B7-4196-B1D7-AD6E9A69831D}
	EndGlobalSection
EndGlobal
